{
  "nodes": {
    "distrohoop": {
      "inputs": {
        "nixpkgs": [
          "nixpkgs"
        ]
      },
      "locked": {
        "lastModified": 1740062248,
        "narHash": "sha256-j7YCzeatER4rByJmnj7ufEc94VQ2Tcyc3iY6PCSql7Q=",
        "owner": "br0sinski",
        "repo": "distrohoop",
        "rev": "f3031c8e5a9843ab560c1b71258eeb3a02d3b894",
        "type": "github"
      },
      "original": {
        "owner": "br0sinski",
        "repo": "distrohoop",
        "type": "github"
      }
    },
    "home-manager": {
      "inputs": {
        "nixpkgs": "nixpkgs"
      },
      "locked": {
        "lastModified": 1762435363,
        "narHash": "sha256-BTmHXtuuwVO1dRs6jPHcHCoO6+A7G3+GzrgeluiSkww=",
        "owner": "nix-community",
        "repo": "home-manager",
        "rev": "432bc8a5da66638b5f139588efd6c4bd327e4cdc",
        "type": "github"
      },
      "original": {
        "id": "home-manager",
        "type": "indirect"
      }
    },
    "nixpkgs": {
      "locked": {
        "lastModified": 1762111121,
        "narHash": "sha256-4vhDuZ7OZaZmKKrnDpxLZZpGIJvAeMtK6FKLJYUtAdw=",
        "owner": "NixOS",
        "repo": "nixpkgs",
        "rev": "b3d51a0365f6695e7dd5cdf3e180604530ed33b4",
        "type": "github"
      },
      "original": {
        "owner": "NixOS",
        "ref": "nixos-unstable",
        "repo": "nixpkgs",
        "type": "github"
      }
    },
    "nixpkgs_2": {
      "locked": {
        "lastModified": 1762233356,
        "narHash": "sha256-cGS3lLTYusbEP/IJIWGgnkzIl+FA5xDvtiHyjalGr4k=",
        "owner": "NixOS",
        "repo": "nixpkgs",
        "rev": "ca534a76c4afb2bdc07b681dbc11b453bab21af8",
        "type": "github"
      },
      "original": {
        "owner": "NixOS",
        "ref": "nixos-25.05",
        "repo": "nixpkgs",
        "type": "github"
      }
    },
    "root": {
      "inputs": {
        "distrohoop": "distrohoop",
        "home-manager": "home-manager",
        "nixpkgs": "nixpkgs_2"
      }
    }
  },
  "root": "root",
  "version": 7
}
